# THIS IS AN AUTOGENERATED FILE. DO NOT EDIT THIS FILE DIRECTLY.
# yarn lockfile v1


"@babel/runtime@^7.11.2", "@babel/runtime@^7.13.10":
  version "7.13.10"
  resolved "https://registry.yarnpkg.com/@babel/runtime/-/runtime-7.13.10.tgz#47d42a57b6095f4468da440388fdbad8bebf0d7d"
  integrity sha512-4QPkjJq6Ns3V/RgpEahRk+AGfL0eO6RHHtTWoNNr5mO49G6B5+X6d6THgWEAvTrznU5xYpbAlVKRYcsCgh/Akw==
  dependencies:
    regenerator-runtime "^0.13.4"

"@react-spring/animated@~9.1.1":
  version "9.1.1"
  resolved "https://registry.yarnpkg.com/@react-spring/animated/-/animated-9.1.1.tgz#996db774bbc42fb37838580674c4ade4f2d99f20"
  integrity sha512-u8Assg5uySwqyoeb1f7eBAUSl8sleJTewdfhVi1EtcM9ngU2Snhcp6snF8NGxvf4gZp5z7v+Dfx3KdB2V8NnXQ==
  dependencies:
    "@react-spring/shared" "~9.1.1"
    "@react-spring/types" "~9.1.1"

"@react-spring/core@~9.1.1":
  version "9.1.1"
  resolved "https://registry.yarnpkg.com/@react-spring/core/-/core-9.1.1.tgz#0d109c9f921bf957dcb65340a4192061f28e5cb2"
  integrity sha512-flHeLN56idxQ1YIpUYY1m3r2ZAM2xg7Zb/pHBFSCbnOKP7TtlhAAOfmrabERqaThmrqkFKiq9FjyF76d3OjE5g==
  dependencies:
    "@react-spring/animated" "~9.1.1"
    "@react-spring/shared" "~9.1.1"
    "@react-spring/types" "~9.1.1"

"@react-spring/shared@~9.1.1":
  version "9.1.1"
  resolved "https://registry.yarnpkg.com/@react-spring/shared/-/shared-9.1.1.tgz#9f7b1a4051a0c71e0167805e7d499071b2aabddc"
  integrity sha512-GA9A9l5JxC50eDTDPu5IDUMhQ4MiBrXd3ZdlI6/wUCgAsZ1wPx77sxaccomxlUomRet0IUcXCEKcL1Flax7ZMQ==
  dependencies:
    "@react-spring/types" "~9.1.1"
    rafz "^0.1.14"

"@react-spring/types@~9.1.1":
  version "9.1.1"
  resolved "https://registry.yarnpkg.com/@react-spring/types/-/types-9.1.1.tgz#0e53317018b81c4716a776e65477c8b0ee62758e"
  integrity sha512-GaesYowey+nmDw/yhZ5jErEH2UaDl4jxax8aQtW5h3OpNu/QS8swoEn/jxQgffLb0n6gjsER7QyIx/dmZIWlyw==

"@react-spring/web@^9.0.0-rc.3":
  version "9.1.1"
  resolved "https://registry.yarnpkg.com/@react-spring/web/-/web-9.1.1.tgz#f7ff454631d0e495887ed4631672982e1e6fb500"
  integrity sha512-py4c/Agqz9Unf+Apame29XYTLqHnKXSwJA6Q44jcNtHRFMuRjIpCyhS13C1ZI5PcJT0g9b8CvtMQFiShne8wNQ==
  dependencies:
    "@react-spring/animated" "~9.1.1"
    "@react-spring/core" "~9.1.1"
    "@react-spring/shared" "~9.1.1"
    "@react-spring/types" "~9.1.1"

"@react-three/drei@^4.1.8":
  version "4.1.8"
  resolved "https://registry.yarnpkg.com/@react-three/drei/-/drei-4.1.8.tgz#66b05dc656f1c2077e7443918cfc3ac41e27931b"
  integrity sha512-XJOFjTc9BTsJgDK9x61Q0/LPmLQY467jiZKt1dtK4g9jfn/qQCsQgL3SydsaUadzZcBTEB0KwYqiQxpUgdHnVQ==
  dependencies:
    "@babel/runtime" "^7.11.2"
    "@react-spring/web" "^9.0.0-rc.3"
    blob-polyfill "^4.0.20200601"
    detect-gpu "^3.0.0"
    glsl-noise "^0.0.0"
    lodash.omit "^4.5.0"
    lodash.pick "^4.4.0"
    react-merge-refs "^1.0.0"
    stats.js "^0.17.0"
    three-stdlib "^1.2.3"
    troika-three-text "^0.38.1"
    use-asset "^1.0.4"
    utility-types "^3.10.0"
    zustand "^3.0.3"

"@react-three/fiber@^6.0.14":
  version "6.0.14"
  resolved "https://registry.yarnpkg.com/@react-three/fiber/-/fiber-6.0.14.tgz#1aed07dbeaa684912bde49c5c01667e80e99915f"
  integrity sha512-wrHLFBGhruOitGCeT8sNtLO3qG4y0M1d0xAYpUNIXDD1/d/lrNlUvrTF9r7Q4sR0Reo1OGf2EMUg3CvFXpDYcg==
  dependencies:
    "@babel/runtime" "^7.13.10"
    react-merge-refs "^1.1.0"
    react-reconciler "^0.26.2"
    react-three-fiber "0.0.0-deprecated"
    react-use-measure "^2.0.4"
    resize-observer-polyfill "^1.5.1"
    scheduler "^0.20.2"
    use-asset "^1.0.4"
    utility-types "^3.10.0"
    zustand "^3.3.3"

"@types/three@^0.127.1":
  version "0.127.1"
  resolved "https://registry.yarnpkg.com/@types/three/-/three-0.127.1.tgz#0978054e5daa6485946a3f1518a76412186ae81f"
  integrity sha512-e90iYq3zde3axANg7BPZY0fKrez1AzveamIIFk23PMh9WtCx91geokDy+yEAIymdIldgUpvezAP6+zCV3oekXw==

"@webgpu/glslang@^0.0.15":
  version "0.0.15"
  resolved "https://registry.yarnpkg.com/@webgpu/glslang/-/glslang-0.0.15.tgz#f5ccaf6015241e6175f4b90906b053f88483d1f2"
  integrity sha512-niT+Prh3Aff8Uf1MVBVUsaNjFj9rJAKDXuoHIKiQbB+6IUP/3J3JIhBNyZ7lDhytvXxw6ppgnwKZdDJ08UMj4Q==

"@webxr-input-profiles/motion-controllers@^1.0.0":
  version "1.0.0"
  resolved "https://registry.yarnpkg.com/@webxr-input-profiles/motion-controllers/-/motion-controllers-1.0.0.tgz#0a84533288af39d85bfe1987721035925d69be47"
  integrity sha512-Ppxde+G1/QZbU8ShCQg+eq5VtlcL/FPkerF1dkDOLlIml0LJD1tFqnCZYR0SrHzYleIQ2siRnOx7xbFLaCpExQ==

blob-polyfill@^4.0.20200601:
  version "4.0.20200601"
  resolved "https://registry.yarnpkg.com/blob-polyfill/-/blob-polyfill-4.0.20200601.tgz#16430e9e50d63e122c6aac18b31f5f0bc8c0bf92"
  integrity sha512-1jB6WOIp6IDxNyng5+9A8g/f0uiphib2ELCN+XAnlssinsW8s1k4VYG9b1TxIUd3pdm9RJSLQuBh6iohYmD4hA==

chevrotain@^7.1.2:
  version "7.1.2"
  resolved "https://registry.yarnpkg.com/chevrotain/-/chevrotain-7.1.2.tgz#40e634c0b74fcb552118bf67f42f5820b84881fd"
  integrity sha512-9bQsXVQ7UAvzMs7iUBBJ9Yv//exOy7bIR3PByOEk4M64vIE/LsiOiX7VIkMF/vEMlrSStwsaE884Bp9CpjtC5g==
  dependencies:
    regexp-to-ast "0.5.0"

debounce@^1.2.0:
  version "1.2.1"
  resolved "https://registry.yarnpkg.com/debounce/-/debounce-1.2.1.tgz#38881d8f4166a5c5848020c11827b834bcb3e0a5"
  integrity sha512-XRRe6Glud4rd/ZGQfiV1ruXSfbvfJedlV9Y6zOlP+2K04vBYiJEte6stfFkCP03aMnY5tsipamumUjL14fofug==

detect-gpu@^3.0.0:
  version "3.0.0"
  resolved "https://registry.yarnpkg.com/detect-gpu/-/detect-gpu-3.0.0.tgz#d1ced721581c27fec29e24aee8c3eadf45450b5a"
  integrity sha512-D/uxvKWDqhy7XoHHdC7By1Bzxuv0t8OwccsiW1DbRPsqOr0rTAjxdO//bSck6QS54jc9QHbaQoRczAy5KbCOCQ==
  dependencies:
    webgl-constants "^1.1.1"

fast-deep-equal@^3.1.3:
  version "3.1.3"
  resolved "https://registry.yarnpkg.com/fast-deep-equal/-/fast-deep-equal-3.1.3.tgz#3a7d56b559d6cbc3eb512325244e619a65c6c525"
  integrity sha512-f3qQ9oQy9j2AhBe/H9VC91wLmKBCCU/gDOnKNAYG5hswO7BLKj09Hc5HYNz9cGI++xlpDCIgDaitVs03ATR84Q==

fflate@^0.6.4:
  version "0.6.9"
  resolved "https://registry.yarnpkg.com/fflate/-/fflate-0.6.9.tgz#fb369b30792a03ff7274e174f3b36e51292d3f99"
  integrity sha512-hmAdxNHub7fw36hX7BHiuAO0uekp6ufY2sjxBXWxIf0sw5p7tnS9GVrdM4D12SDYQUHVpiC50fPBYPTjOzRU2Q==

glsl-noise@^0.0.0:
  version "0.0.0"
  resolved "https://registry.yarnpkg.com/glsl-noise/-/glsl-noise-0.0.0.tgz#367745f3a33382c0eeec4cb54b7e99cfc1d7670b"
  integrity sha1-NndF86MzgsDu7Ey1S36Zz8HXZws=

"js-tokens@^3.0.0 || ^4.0.0":
  version "4.0.0"
  resolved "https://registry.yarnpkg.com/js-tokens/-/js-tokens-4.0.0.tgz#19203fb59991df98e3a287050d4647cdeaf32499"
  integrity sha512-RdJUflcE3cUzKiMqQgsCu06FPu9UdIJO0beYbPhHN4k6apgJtifcoCtT9bcxOpYBtpD2kCM6Sbzg4CausW/PKQ==

ktx-parse@^0.0.5:
  version "0.0.5"
  resolved "https://registry.yarnpkg.com/ktx-parse/-/ktx-parse-0.0.5.tgz#3ede5b0fa691c0e68ac31c0da183609af1089757"
  integrity sha512-fEUns44kq6iwUcX+yrfAZrXj9diDsbYpAw4fdG6Kq9Acf/xEn7VetnatcGIB4ZoFUiAzNY6fi7Z2DzqepjomNg==

lodash.omit@^4.5.0:
  version "4.5.0"
  resolved "https://registry.yarnpkg.com/lodash.omit/-/lodash.omit-4.5.0.tgz#6eb19ae5a1ee1dd9df0b969e66ce0b7fa30b5e60"
  integrity sha1-brGa5aHuHdnfC5aeZs4Lf6MLXmA=

lodash.pick@^4.4.0:
  version "4.4.0"
  resolved "https://registry.yarnpkg.com/lodash.pick/-/lodash.pick-4.4.0.tgz#52f05610fff9ded422611441ed1fc123a03001b3"
  integrity sha1-UvBWEP/53tQiYRRB7R/BI6AwAbM=

loose-envify@^1.1.0:
  version "1.4.0"
  resolved "https://registry.yarnpkg.com/loose-envify/-/loose-envify-1.4.0.tgz#71ee51fa7be4caec1a63839f7e682d8132d30caf"
  integrity sha512-lyuxPGr/Wfhrlem2CL/UcnUc1zcqKAImBDzukY7Y5F/yQiNdko6+fRLevlw1HgMySw7f611UIY408EtxRSoK3Q==
  dependencies:
    js-tokens "^3.0.0 || ^4.0.0"

mmd-parser@^1.0.3:
  version "1.0.4"
  resolved "https://registry.yarnpkg.com/mmd-parser/-/mmd-parser-1.0.4.tgz#87cc05782cb5974ca854f0303fc5147bc9d690e7"
  integrity sha512-Qi0VCU46t2IwfGv5KF0+D/t9cizcDug7qnNoy9Ggk7aucp0tssV8IwTMkBlDbm+VqAf3cdQHTCARKSsuS2MYFg==

object-assign@^4.1.1:
  version "4.1.1"
  resolved "https://registry.yarnpkg.com/object-assign/-/object-assign-4.1.1.tgz#2109adc7965887cfc05cbbd442cac8bfbb360863"
  integrity sha1-IQmtx5ZYh8/AXLvUQsrIv7s2CGM=

opentype.js@^1.3.3:
  version "1.3.3"
  resolved "https://registry.yarnpkg.com/opentype.js/-/opentype.js-1.3.3.tgz#65b8645b090a1ad444065b784d442fa19d1061f6"
  integrity sha512-/qIY/+WnKGlPIIPhbeNjynfD2PO15G9lA/xqlX2bDH+4lc3Xz5GCQ68mqxj3DdUv6AJqCeaPvuAoH8mVL0zcuA==
  dependencies:
    string.prototype.codepointat "^0.2.1"
    tiny-inflate "^1.0.3"

potpack@^1.0.1:
  version "1.0.1"
  resolved "https://registry.yarnpkg.com/potpack/-/potpack-1.0.1.tgz#d1b1afd89e4c8f7762865ec30bd112ab767e2ebf"
  integrity sha512-15vItUAbViaYrmaB/Pbw7z6qX2xENbFSTA7Ii4tgbPtasxm5v6ryKhKtL91tpWovDJzTiZqdwzhcFBCwiMVdVw==

rafz@^0.1.14:
  version "0.1.14"
  resolved "https://registry.yarnpkg.com/rafz/-/rafz-0.1.14.tgz#164f01cf7cc6094e08467247ef351ef5c8d278fe"
  integrity sha512-YiQkedSt1urYtYbvHhTQR3l67M8SZbUvga5eJFM/v4vx/GmDdtXlE2hjJIyRjhhO/PjcdGC+CXCYOUA4onit8w==

react-merge-refs@^1.0.0, react-merge-refs@^1.1.0:
  version "1.1.0"
  resolved "https://registry.yarnpkg.com/react-merge-refs/-/react-merge-refs-1.1.0.tgz#73d88b892c6c68cbb7a66e0800faa374f4c38b06"
  integrity sha512-alTKsjEL0dKH/ru1Iyn7vliS2QRcBp9zZPGoWxUOvRGWPUYgjo+V01is7p04It6KhgrzhJGnIj9GgX8W4bZoCQ==

react-reconciler@^0.26.2:
  version "0.26.2"
  resolved "https://registry.yarnpkg.com/react-reconciler/-/react-reconciler-0.26.2.tgz#bbad0e2d1309423f76cf3c3309ac6c96e05e9d91"
  integrity sha512-nK6kgY28HwrMNwDnMui3dvm3rCFjZrcGiuwLc5COUipBK5hWHLOxMJhSnSomirqWwjPBJKV1QcbkI0VJr7Gl1Q==
  dependencies:
    loose-envify "^1.1.0"
    object-assign "^4.1.1"
    scheduler "^0.20.2"

react-three-fiber@0.0.0-deprecated:
  version "0.0.0-deprecated"
  resolved "https://registry.yarnpkg.com/react-three-fiber/-/react-three-fiber-0.0.0-deprecated.tgz#c737242487d824cf9520307308b7e4c4071a278f"
  integrity sha512-EblIqTAsIpkYeM8bZtC4lcpTE0A2zCEGipFB52RgcQq/q+0oryrk7Sxt+sqhIjUu6xMNEVywV8dr74lz5yWO6A==

react-use-measure@^2.0.4:
  version "2.0.4"
  resolved "https://registry.yarnpkg.com/react-use-measure/-/react-use-measure-2.0.4.tgz#cb675b36eaeaf3681b94d5f5e08b2a1e081fedc9"
  integrity sha512-7K2HIGaPMl3Q9ZQiEVjen3tRXl4UDda8LiTPy/QxP8dP2rl5gPBhf7mMH6MVjjRNv3loU7sNzey/ycPNnHVTxQ==
  dependencies:
    debounce "^1.2.0"

regenerator-runtime@^0.13.4:
  version "0.13.7"
  resolved "https://registry.yarnpkg.com/regenerator-runtime/-/regenerator-runtime-0.13.7.tgz#cac2dacc8a1ea675feaabaeb8ae833898ae46f55"
  integrity sha512-a54FxoJDIr27pgf7IgeQGxmqUNYrcV338lf/6gH456HZ/PhX+5BcwHXG9ajESmwe6WRO0tAzRUrRmNONWgkrew==

regexp-to-ast@0.5.0:
  version "0.5.0"
  resolved "https://registry.yarnpkg.com/regexp-to-ast/-/regexp-to-ast-0.5.0.tgz#56c73856bee5e1fef7f73a00f1473452ab712a24"
  integrity sha512-tlbJqcMHnPKI9zSrystikWKwHkBqu2a/Sgw01h3zFjvYrMxEDYHzzoMZnUrbIfpTFEsoRnnviOXNCzFiSc54Qw==

resize-observer-polyfill@^1.5.1:
  version "1.5.1"
  resolved "https://registry.yarnpkg.com/resize-observer-polyfill/-/resize-observer-polyfill-1.5.1.tgz#0e9020dd3d21024458d4ebd27e23e40269810464"
  integrity sha512-LwZrotdHOo12nQuZlHEmtuXdqGoOD0OhaxopaNFxWzInpEgaLWoVuAMbTzixuosCx2nEG58ngzW3vxdWoxIgdg==

scheduler@^0.20.2:
  version "0.20.2"
  resolved "https://registry.yarnpkg.com/scheduler/-/scheduler-0.20.2.tgz#4baee39436e34aa93b4874bddcbf0fe8b8b50e91"
  integrity sha512-2eWfGgAqqWFGqtdMmcL5zCMK1U8KlXv8SQFGglL3CEtd0aDVDWgeF/YoCmvln55m5zSk3J/20hTaSBeSObsQDQ==
  dependencies:
    loose-envify "^1.1.0"
    object-assign "^4.1.1"

stats.js@^0.17.0:
  version "0.17.0"
  resolved "https://registry.yarnpkg.com/stats.js/-/stats.js-0.17.0.tgz#b1c3dc46d94498b578b7fd3985b81ace7131cc7d"
  integrity sha1-scPcRtlEmLV4t/05hbgaznExzH0=

string.prototype.codepointat@^0.2.1:
  version "0.2.1"
  resolved "https://registry.yarnpkg.com/string.prototype.codepointat/-/string.prototype.codepointat-0.2.1.tgz#004ad44c8afc727527b108cd462b4d971cd469bc"
  integrity sha512-2cBVCj6I4IOvEnjgO/hWqXjqBGsY+zwPmHl12Srk9IXSZ56Jwwmy+66XO5Iut/oQVR7t5ihYdLB0GMa4alEUcg==

three-stdlib@^1.2.3:
  version "1.2.3"
  resolved "https://registry.yarnpkg.com/three-stdlib/-/three-stdlib-1.2.3.tgz#58013a82e27e409b2592a97e35da8a1a39af67f0"
  integrity sha512-wvQpSXIxzKo36KP1HikZE01kbUf0WOgkfj2e0eRWJPsfEnDmU0cHcqQirsZ80d4rrZyC2C6dFI9A7zWjwWBZoQ==
  dependencies:
    "@babel/runtime" "^7.13.10"
    "@webgpu/glslang" "^0.0.15"
    "@webxr-input-profiles/motion-controllers" "^1.0.0"
    chevrotain "^7.1.2"
    fflate "^0.6.4"
    ktx-parse "^0.0.5"
    mmd-parser "^1.0.3"
    opentype.js "^1.3.3"
    potpack "^1.0.1"
    zstddec "^0.0.2"

three@^0.127.0:
  version "0.127.0"
  resolved "https://registry.yarnpkg.com/three/-/three-0.127.0.tgz#c463f4d41b2c735dcf8e9e51a388815e80cd3791"
  integrity sha512-wtgrn+mhYUbobxT7QN3GPdu3SRpSBQvwY6uOzLChWS7QE//f7paDU/+wlzbg+ngeIvBBqjBHSRuywTh8A99Jng==

tiny-inflate@^1.0.3:
  version "1.0.3"
  resolved "https://registry.yarnpkg.com/tiny-inflate/-/tiny-inflate-1.0.3.tgz#122715494913a1805166aaf7c93467933eea26c4"
  integrity sha512-pkY1fj1cKHb2seWDy0B16HeWyczlJA9/WW3u3c4z/NiWDsO3DOU5D7nhTLE9CF0yXv/QZFY7sEJmj24dK+Rrqw==

troika-three-text@^0.38.1:
  version "0.38.1"
  resolved "https://registry.yarnpkg.com/troika-three-text/-/troika-three-text-0.38.1.tgz#c0661d78485831b75008e518b4ba3f8ac2faa0c5"
  integrity sha512-nf4zLsdFc+u1P7UDaVvODclmtmYLXnRs9w43ZC0iiPTZT+iequ7+Vmbd0s3DOYhgEzIeACDXBdX9bSW/PRjXhA==
  dependencies:
    troika-three-utils "^0.38.1"
    troika-worker-utils "^0.38.1"

troika-three-utils@^0.38.1:
  version "0.38.1"
  resolved "https://registry.yarnpkg.com/troika-three-utils/-/troika-three-utils-0.38.1.tgz#99c91cca4fbf215adf5782382962ca9c969b052f"
  integrity sha512-uJM1K219B/q3q7SNnWzthSWHzE80JGNPqP4yBKPGqZ0RaXLhzTBtFuKvSQlVYYrqb/RK21iCOf13vtGyPhwM2A==

troika-worker-utils@^0.38.1:
  version "0.38.1"
  resolved "https://registry.yarnpkg.com/troika-worker-utils/-/troika-worker-utils-0.38.1.tgz#e4e928691390a315cd22877a38ffabf1a118a0a0"
  integrity sha512-Ish/wxrTG2fzody/E7cAjluTHbM7bn5hGmqOCUr33Ig5wleTj5B6miVOlxc6tUskf1ZXhC9Z35d0zyHzWJrwww==

use-asset@^1.0.4:
  version "1.0.4"
  resolved "https://registry.yarnpkg.com/use-asset/-/use-asset-1.0.4.tgz#506caafc29f602890593799e58b577b70293a6e2"
  integrity sha512-7/hqDrWa0iMnCoET9W1T07EmD4Eg/Wmoj/X8TGBc++ECRK4m5yTsjP4O6s0yagbxfqIOuUkIxe2/sA+VR2GxZA==
  dependencies:
    fast-deep-equal "^3.1.3"

utility-types@^3.10.0:
  version "3.10.0"
  resolved "https://registry.yarnpkg.com/utility-types/-/utility-types-3.10.0.tgz#ea4148f9a741015f05ed74fd615e1d20e6bed82b"
  integrity sha512-O11mqxmi7wMKCo6HKFt5AhO4BwY3VV68YU07tgxfz8zJTIxr4BpsezN49Ffwy9j3ZpwwJp4fkRwjRzq3uWE6Rg==

webgl-constants@^1.1.1:
  version "1.1.1"
  resolved "https://registry.yarnpkg.com/webgl-constants/-/webgl-constants-1.1.1.tgz#f9633ee87fea56647a60b9ce735cbdfb891c6855"
  integrity sha512-LkBXKjU5r9vAW7Gcu3T5u+5cvSvh5WwINdr0C+9jpzVB41cjQAP5ePArDtk/WHYdVj0GefCgM73BA7FlIiNtdg==

zstddec@^0.0.2:
  version "0.0.2"
  resolved "https://registry.yarnpkg.com/zstddec/-/zstddec-0.0.2.tgz#57e2f28dd1ff56b750e07d158a43f0611ad9eeb4"
  integrity sha512-DCo0oxvcvOTGP/f5FA6tz2Z6wF+FIcEApSTu0zV5sQgn9hoT5lZ9YRAKUraxt9oP7l4e8TnNdi8IZTCX6WCkwA==

zustand@^3.0.3, zustand@^3.3.3:
  version "3.4.1"
  resolved "https://registry.yarnpkg.com/zustand/-/zustand-3.4.1.tgz#ff1bc8480facda3a4329510b8164aa5b821be133"
  integrity sha512-Kb91vSjy5vwBQ/PQ1a5GE6naS3gCxCgpkujT9zqZSO85+gnvmzgqraMW3ao1I0jR4PwHBXtLTf26r9j7EXoUiQ==
