# THIS IS AN AUTOGENERATED FILE. DO NOT EDIT THIS FILE DIRECTLY.
# yarn lockfile v1


mobx-react-lite@^3.2.0:
  version "3.2.0"
  resolved "https://registry.yarnpkg.com/mobx-react-lite/-/mobx-react-lite-3.2.0.tgz#331d7365a6b053378dfe9c087315b4e41c5df69f"
  integrity sha512-q5+UHIqYCOpBoFm/PElDuOhbcatvTllgRp3M1s+Hp5j0Z6XNgDbgqxawJ0ZAUEyKM8X1zs70PCuhAIzX1f4Q/g==

mobx-react@^7.1.0:
  version "7.1.0"
  resolved "https://registry.yarnpkg.com/mobx-react/-/mobx-react-7.1.0.tgz#d947cada3cfad294b4b6f692e969c242b9c16eaf"
  integrity sha512-DxvA6VXmnZ+N9f/UTtolWtdRnAAQY2iHWTSPLktfpj8NKlXUe4dabBAjuXrBcZUM8GjLWnxD1ZEjssXq1M0RAw==
  dependencies:
    mobx-react-lite "^3.2.0"

mobx@^6.2.0:
  version "6.2.0"
  resolved "https://registry.yarnpkg.com/mobx/-/mobx-6.2.0.tgz#9a5afe3525a0302691c7805d0df6ef60834d79e5"
  integrity sha512-j5f16JIq2v4flvYCqaAB9tMtJt/y5efR2OO5Xy+w4/MBMeQ1WeGR0T8BtiNgmxM/OQzPFUKb5DTex9Y8a/yk+g==

tick-knock@^3.0.1:
  version "3.0.1"
  resolved "https://registry.yarnpkg.com/tick-knock/-/tick-knock-3.0.1.tgz#4b858933bdb93b25f24330ac62a47ddcfb510d07"
  integrity sha512-r9fCKdmKQ1dSmoV0LAy+mzqwRcgfzRklIsQsQp0ccua8mYW0zhnNi0x/M2s3gPQSJxEBcgiAf3HI7NbBUGN3zg==
  dependencies:
    tslib "^2.1.0"

tslib@^2.1.0:
  version "2.2.0"
  resolved "https://registry.yarnpkg.com/tslib/-/tslib-2.2.0.tgz#fb2c475977e35e241311ede2693cee1ec6698f5c"
  integrity sha512-gS9GVHRU+RGn5KQM2rllAlR3dU6m7AcpJKdtH8gFvQiC4Otgk98XnmMU+nZenHt/+VhnBPWwgrJsyrdcw6i23w==
